// !$*UTF8*$!
{
	archiveVersion = 1;
	classes = {
	};
	objectVersion = 46;
	objects = {

/* Begin PBXBuildFile section */
		000A9D781F24DF6600739FCC /* JavaScriptCore.framework in Frameworks */ = {isa = PBXBuildFile; fileRef = 000A9D771F24DF6600739FCC /* JavaScriptCore.framework */; };
		000A9D7A1F24EBDC00739FCC /* index.html in Resources */ = {isa = PBXBuildFile; fileRef = 000A9D791F24EBDC00739FCC /* index.html */; };
		003A1ED61F24D8DB00F47F5E /* WebAppScriptMessageHandler.m in Sources */ = {isa = PBXBuildFile; fileRef = 003A1ED51F24D8DB00F47F5E /* WebAppScriptMessageHandler.m */; };
		003A1ED91F24D9CD00F47F5E /* WebAppUserContentController.m in Sources */ = {isa = PBXBuildFile; fileRef = 003A1ED81F24D9CD00F47F5E /* WebAppUserContentController.m */; };
		00E404761F1B3BC800B23E43 /* main.m in Sources */ = {isa = PBXBuildFile; fileRef = 00E404751F1B3BC800B23E43 /* main.m */; };
		00E404791F1B3BC800B23E43 /* AppDelegate.m in Sources */ = {isa = PBXBuildFile; fileRef = 00E404781F1B3BC800B23E43 /* AppDelegate.m */; };
		00E404811F1B3BC800B23E43 /* Assets.xcassets in Resources */ = {isa = PBXBuildFile; fileRef = 00E404801F1B3BC800B23E43 /* Assets.xcassets */; };
		00E404841F1B3BC800B23E43 /* LaunchScreen.storyboard in Resources */ = {isa = PBXBuildFile; fileRef = 00E404821F1B3BC800B23E43 /* LaunchScreen.storyboard */; };
		00E4048F1F1B3BC800B23E43 /* GZBankProjectTests.m in Sources */ = {isa = PBXBuildFile; fileRef = 00E4048E1F1B3BC800B23E43 /* GZBankProjectTests.m */; };
		00E4049A1F1B3BC800B23E43 /* GZBankProjectUITests.m in Sources */ = {isa = PBXBuildFile; fileRef = 00E404991F1B3BC800B23E43 /* GZBankProjectUITests.m */; };
		00E404AA1F1B3C2200B23E43 /* MainViewController.m in Sources */ = {isa = PBXBuildFile; fileRef = 00E404A91F1B3C2200B23E43 /* MainViewController.m */; };
		00E404AE1F1B419000B23E43 /* WebAppAddressCenter.m in Sources */ = {isa = PBXBuildFile; fileRef = 00E404AD1F1B419000B23E43 /* WebAppAddressCenter.m */; };
		00E404B11F1B435A00B23E43 /* WebKit.framework in Frameworks */ = {isa = PBXBuildFile; fileRef = 00E404B01F1B435A00B23E43 /* WebKit.framework */; };
		00E404B41F1B441D00B23E43 /* WebAppViewController.m in Sources */ = {isa = PBXBuildFile; fileRef = 00E404B31F1B441D00B23E43 /* WebAppViewController.m */; };
		00E404B71F1B493400B23E43 /* SplashView.m in Sources */ = {isa = PBXBuildFile; fileRef = 00E404B61F1B493400B23E43 /* SplashView.m */; };
		00F628431F230B2D00487AA5 /* HTTPClient.m in Sources */ = {isa = PBXBuildFile; fileRef = 00F628321F230B2D00487AA5 /* HTTPClient.m */; };
		00F628441F230B2D00487AA5 /* NSString+Hashes.m in Sources */ = {isa = PBXBuildFile; fileRef = 00F628351F230B2D00487AA5 /* NSString+Hashes.m */; };
		00F628451F230B2D00487AA5 /* NSArray+Safe.m in Sources */ = {isa = PBXBuildFile; fileRef = 00F628381F230B2D00487AA5 /* NSArray+Safe.m */; };
		00F628461F230B2D00487AA5 /* NSDictionary+Safe.m in Sources */ = {isa = PBXBuildFile; fileRef = 00F6283A1F230B2D00487AA5 /* NSDictionary+Safe.m */; };
		00F628471F230B2D00487AA5 /* NSMutableArray+Safe.m in Sources */ = {isa = PBXBuildFile; fileRef = 00F6283C1F230B2D00487AA5 /* NSMutableArray+Safe.m */; };
		00F628481F230B2D00487AA5 /* NSMutableDictionary+Safe.m in Sources */ = {isa = PBXBuildFile; fileRef = 00F6283E1F230B2D00487AA5 /* NSMutableDictionary+Safe.m */; };
		00F628491F230B2D00487AA5 /* NSString+SafeSubstring.m in Sources */ = {isa = PBXBuildFile; fileRef = 00F628401F230B2D00487AA5 /* NSString+SafeSubstring.m */; };
		00F6284A1F230B2D00487AA5 /* SafeMutableDictionary.m in Sources */ = {isa = PBXBuildFile; fileRef = 00F628421F230B2D00487AA5 /* SafeMutableDictionary.m */; };
		00F6284E1F230BF400487AA5 /* AuthManager.m in Sources */ = {isa = PBXBuildFile; fileRef = 00F6284D1F230BF400487AA5 /* AuthManager.m */; };
		2E247A8A07AABF3CCF392719 /* libPods-GZBankProject.a in Frameworks */ = {isa = PBXBuildFile; fileRef = 8D6633CC8CE74BD618C228FC /* libPods-GZBankProject.a */; };
		EBB6979D7C8434D457C7DCB0 /* libPods-GZBankProjectTests.a in Frameworks */ = {isa = PBXBuildFile; fileRef = 8FDE4D8D896D54E8F8E0D2F2 /* libPods-GZBankProjectTests.a */; };
		F8D15069E2A5271659011EC8 /* libPods-GZBankProjectUITests.a in Frameworks */ = {isa = PBXBuildFile; fileRef = 49D224C8882FCC8D80663B37 /* libPods-GZBankProjectUITests.a */; };
/* End PBXBuildFile section */

/* Begin PBXContainerItemProxy section */
		00E4048B1F1B3BC800B23E43 /* PBXContainerItemProxy */ = {
			isa = PBXContainerItemProxy;
			containerPortal = 00E404691F1B3BC800B23E43 /* Project object */;
			proxyType = 1;
			remoteGlobalIDString = 00E404701F1B3BC800B23E43;
			remoteInfo = GZBankProject;
		};
		00E404961F1B3BC800B23E43 /* PBXContainerItemProxy */ = {
			isa = PBXContainerItemProxy;
			containerPortal = 00E404691F1B3BC800B23E43 /* Project object */;
			proxyType = 1;
			remoteGlobalIDString = 00E404701F1B3BC800B23E43;
			remoteInfo = GZBankProject;
		};
/* End PBXContainerItemProxy section */

/* Begin PBXFileReference section */
		000A9D771F24DF6600739FCC /* JavaScriptCore.framework */ = {isa = PBXFileReference; lastKnownFileType = wrapper.framework; name = JavaScriptCore.framework; path = System/Library/Frameworks/JavaScriptCore.framework; sourceTree = SDKROOT; };
		000A9D791F24EBDC00739FCC /* index.html */ = {isa = PBXFileReference; fileEncoding = 4; lastKnownFileType = text.html; path = index.html; sourceTree = "<group>"; };
		003A1ED41F24D8DB00F47F5E /* WebAppScriptMessageHandler.h */ = {isa = PBXFileReference; fileEncoding = 4; lastKnownFileType = sourcecode.c.h; path = WebAppScriptMessageHandler.h; sourceTree = "<group>"; };
		003A1ED51F24D8DB00F47F5E /* WebAppScriptMessageHandler.m */ = {isa = PBXFileReference; fileEncoding = 4; lastKnownFileType = sourcecode.c.objc; path = WebAppScriptMessageHandler.m; sourceTree = "<group>"; };
		003A1ED71F24D9CD00F47F5E /* WebAppUserContentController.h */ = {isa = PBXFileReference; fileEncoding = 4; lastKnownFileType = sourcecode.c.h; path = WebAppUserContentController.h; sourceTree = "<group>"; };
		003A1ED81F24D9CD00F47F5E /* WebAppUserContentController.m */ = {isa = PBXFileReference; fileEncoding = 4; lastKnownFileType = sourcecode.c.objc; path = WebAppUserContentController.m; sourceTree = "<group>"; };
		00E404711F1B3BC800B23E43 /* GZBankProject.app */ = {isa = PBXFileReference; explicitFileType = wrapper.application; includeInIndex = 0; path = GZBankProject.app; sourceTree = BUILT_PRODUCTS_DIR; };
		00E404751F1B3BC800B23E43 /* main.m */ = {isa = PBXFileReference; lastKnownFileType = sourcecode.c.objc; path = main.m; sourceTree = "<group>"; };
		00E404771F1B3BC800B23E43 /* AppDelegate.h */ = {isa = PBXFileReference; lastKnownFileType = sourcecode.c.h; path = AppDelegate.h; sourceTree = "<group>"; };
		00E404781F1B3BC800B23E43 /* AppDelegate.m */ = {isa = PBXFileReference; lastKnownFileType = sourcecode.c.objc; path = AppDelegate.m; sourceTree = "<group>"; };
		00E404801F1B3BC800B23E43 /* Assets.xcassets */ = {isa = PBXFileReference; lastKnownFileType = folder.assetcatalog; path = Assets.xcassets; sourceTree = "<group>"; };
		00E404831F1B3BC800B23E43 /* Base */ = {isa = PBXFileReference; lastKnownFileType = file.storyboard; name = Base; path = Base.lproj/LaunchScreen.storyboard; sourceTree = "<group>"; };
		00E404851F1B3BC800B23E43 /* Info.plist */ = {isa = PBXFileReference; lastKnownFileType = text.plist.xml; path = Info.plist; sourceTree = "<group>"; };
		00E4048A1F1B3BC800B23E43 /* GZBankProjectTests.xctest */ = {isa = PBXFileReference; explicitFileType = wrapper.cfbundle; includeInIndex = 0; path = GZBankProjectTests.xctest; sourceTree = BUILT_PRODUCTS_DIR; };
		00E4048E1F1B3BC800B23E43 /* GZBankProjectTests.m */ = {isa = PBXFileReference; lastKnownFileType = sourcecode.c.objc; path = GZBankProjectTests.m; sourceTree = "<group>"; };
		00E404901F1B3BC800B23E43 /* Info.plist */ = {isa = PBXFileReference; lastKnownFileType = text.plist.xml; path = Info.plist; sourceTree = "<group>"; };
		00E404951F1B3BC800B23E43 /* GZBankProjectUITests.xctest */ = {isa = PBXFileReference; explicitFileType = wrapper.cfbundle; includeInIndex = 0; path = GZBankProjectUITests.xctest; sourceTree = BUILT_PRODUCTS_DIR; };
		00E404991F1B3BC800B23E43 /* GZBankProjectUITests.m */ = {isa = PBXFileReference; lastKnownFileType = sourcecode.c.objc; path = GZBankProjectUITests.m; sourceTree = "<group>"; };
		00E4049B1F1B3BC800B23E43 /* Info.plist */ = {isa = PBXFileReference; lastKnownFileType = text.plist.xml; path = Info.plist; sourceTree = "<group>"; };
		00E404A81F1B3C2200B23E43 /* MainViewController.h */ = {isa = PBXFileReference; fileEncoding = 4; lastKnownFileType = sourcecode.c.h; path = MainViewController.h; sourceTree = "<group>"; };
		00E404A91F1B3C2200B23E43 /* MainViewController.m */ = {isa = PBXFileReference; fileEncoding = 4; lastKnownFileType = sourcecode.c.objc; path = MainViewController.m; sourceTree = "<group>"; };
		00E404AC1F1B419000B23E43 /* WebAppAddressCenter.h */ = {isa = PBXFileReference; fileEncoding = 4; lastKnownFileType = sourcecode.c.h; path = WebAppAddressCenter.h; sourceTree = "<group>"; };
		00E404AD1F1B419000B23E43 /* WebAppAddressCenter.m */ = {isa = PBXFileReference; fileEncoding = 4; lastKnownFileType = sourcecode.c.objc; path = WebAppAddressCenter.m; sourceTree = "<group>"; };
		00E404B01F1B435A00B23E43 /* WebKit.framework */ = {isa = PBXFileReference; lastKnownFileType = wrapper.framework; name = WebKit.framework; path = System/Library/Frameworks/WebKit.framework; sourceTree = SDKROOT; };
		00E404B21F1B441D00B23E43 /* WebAppViewController.h */ = {isa = PBXFileReference; fileEncoding = 4; lastKnownFileType = sourcecode.c.h; path = WebAppViewController.h; sourceTree = "<group>"; };
		00E404B31F1B441D00B23E43 /* WebAppViewController.m */ = {isa = PBXFileReference; fileEncoding = 4; lastKnownFileType = sourcecode.c.objc; path = WebAppViewController.m; sourceTree = "<group>"; };
		00E404B51F1B493400B23E43 /* SplashView.h */ = {isa = PBXFileReference; fileEncoding = 4; lastKnownFileType = sourcecode.c.h; path = SplashView.h; sourceTree = "<group>"; };
		00E404B61F1B493400B23E43 /* SplashView.m */ = {isa = PBXFileReference; fileEncoding = 4; lastKnownFileType = sourcecode.c.objc; path = SplashView.m; sourceTree = "<group>"; };
		00F628311F230B2D00487AA5 /* HTTPClient.h */ = {isa = PBXFileReference; fileEncoding = 4; lastKnownFileType = sourcecode.c.h; path = HTTPClient.h; sourceTree = "<group>"; };
		00F628321F230B2D00487AA5 /* HTTPClient.m */ = {isa = PBXFileReference; fileEncoding = 4; lastKnownFileType = sourcecode.c.objc; path = HTTPClient.m; sourceTree = "<group>"; };
		00F628341F230B2D00487AA5 /* NSString+Hashes.h */ = {isa = PBXFileReference; fileEncoding = 4; lastKnownFileType = sourcecode.c.h; path = "NSString+Hashes.h"; sourceTree = "<group>"; };
		00F628351F230B2D00487AA5 /* NSString+Hashes.m */ = {isa = PBXFileReference; fileEncoding = 4; lastKnownFileType = sourcecode.c.objc; path = "NSString+Hashes.m"; sourceTree = "<group>"; };
		00F628371F230B2D00487AA5 /* NSArray+Safe.h */ = {isa = PBXFileReference; fileEncoding = 4; lastKnownFileType = sourcecode.c.h; path = "NSArray+Safe.h"; sourceTree = "<group>"; };
		00F628381F230B2D00487AA5 /* NSArray+Safe.m */ = {isa = PBXFileReference; fileEncoding = 4; lastKnownFileType = sourcecode.c.objc; path = "NSArray+Safe.m"; sourceTree = "<group>"; };
		00F628391F230B2D00487AA5 /* NSDictionary+Safe.h */ = {isa = PBXFileReference; fileEncoding = 4; lastKnownFileType = sourcecode.c.h; path = "NSDictionary+Safe.h"; sourceTree = "<group>"; };
		00F6283A1F230B2D00487AA5 /* NSDictionary+Safe.m */ = {isa = PBXFileReference; fileEncoding = 4; lastKnownFileType = sourcecode.c.objc; path = "NSDictionary+Safe.m"; sourceTree = "<group>"; };
		00F6283B1F230B2D00487AA5 /* NSMutableArray+Safe.h */ = {isa = PBXFileReference; fileEncoding = 4; lastKnownFileType = sourcecode.c.h; path = "NSMutableArray+Safe.h"; sourceTree = "<group>"; };
		00F6283C1F230B2D00487AA5 /* NSMutableArray+Safe.m */ = {isa = PBXFileReference; fileEncoding = 4; lastKnownFileType = sourcecode.c.objc; path = "NSMutableArray+Safe.m"; sourceTree = "<group>"; };
		00F6283D1F230B2D00487AA5 /* NSMutableDictionary+Safe.h */ = {isa = PBXFileReference; fileEncoding = 4; lastKnownFileType = sourcecode.c.h; path = "NSMutableDictionary+Safe.h"; sourceTree = "<group>"; };
		00F6283E1F230B2D00487AA5 /* NSMutableDictionary+Safe.m */ = {isa = PBXFileReference; fileEncoding = 4; lastKnownFileType = sourcecode.c.objc; path = "NSMutableDictionary+Safe.m"; sourceTree = "<group>"; };
		00F6283F1F230B2D00487AA5 /* NSString+SafeSubstring.h */ = {isa = PBXFileReference; fileEncoding = 4; lastKnownFileType = sourcecode.c.h; path = "NSString+SafeSubstring.h"; sourceTree = "<group>"; };
		00F628401F230B2D00487AA5 /* NSString+SafeSubstring.m */ = {isa = PBXFileReference; fileEncoding = 4; lastKnownFileType = sourcecode.c.objc; path = "NSString+SafeSubstring.m"; sourceTree = "<group>"; };
		00F628411F230B2D00487AA5 /* SafeMutableDictionary.h */ = {isa = PBXFileReference; fileEncoding = 4; lastKnownFileType = sourcecode.c.h; path = SafeMutableDictionary.h; sourceTree = "<group>"; };
		00F628421F230B2D00487AA5 /* SafeMutableDictionary.m */ = {isa = PBXFileReference; fileEncoding = 4; lastKnownFileType = sourcecode.c.objc; path = SafeMutableDictionary.m; sourceTree = "<group>"; };
		00F6284C1F230BF400487AA5 /* AuthManager.h */ = {isa = PBXFileReference; fileEncoding = 4; lastKnownFileType = sourcecode.c.h; path = AuthManager.h; sourceTree = "<group>"; };
		00F6284D1F230BF400487AA5 /* AuthManager.m */ = {isa = PBXFileReference; fileEncoding = 4; lastKnownFileType = sourcecode.c.objc; path = AuthManager.m; sourceTree = "<group>"; };
		0DE44D32D8A754DE8AA9034A /* Pods-GZBankProjectUITests.debug.xcconfig */ = {isa = PBXFileReference; includeInIndex = 1; lastKnownFileType = text.xcconfig; name = "Pods-GZBankProjectUITests.debug.xcconfig"; path = "Pods/Target Support Files/Pods-GZBankProjectUITests/Pods-GZBankProjectUITests.debug.xcconfig"; sourceTree = "<group>"; };
		2A1FAEDCEB0CD773335E95BC /* Pods-GZBankProject.debug.xcconfig */ = {isa = PBXFileReference; includeInIndex = 1; lastKnownFileType = text.xcconfig; name = "Pods-GZBankProject.debug.xcconfig"; path = "Pods/Target Support Files/Pods-GZBankProject/Pods-GZBankProject.debug.xcconfig"; sourceTree = "<group>"; };
		333BC029982B2E07E1811058 /* Pods-GZBankProject.release.xcconfig */ = {isa = PBXFileReference; includeInIndex = 1; lastKnownFileType = text.xcconfig; name = "Pods-GZBankProject.release.xcconfig"; path = "Pods/Target Support Files/Pods-GZBankProject/Pods-GZBankProject.release.xcconfig"; sourceTree = "<group>"; };
		3599E716357F01A0F5785E9D /* Pods-GZBankProjectTests.debug.xcconfig */ = {isa = PBXFileReference; includeInIndex = 1; lastKnownFileType = text.xcconfig; name = "Pods-GZBankProjectTests.debug.xcconfig"; path = "Pods/Target Support Files/Pods-GZBankProjectTests/Pods-GZBankProjectTests.debug.xcconfig"; sourceTree = "<group>"; };
		49D224C8882FCC8D80663B37 /* libPods-GZBankProjectUITests.a */ = {isa = PBXFileReference; explicitFileType = archive.ar; includeInIndex = 0; path = "libPods-GZBankProjectUITests.a"; sourceTree = BUILT_PRODUCTS_DIR; };
		6CA4AA1F65577DC9545545E2 /* Pods-GZBankProjectTests.release.xcconfig */ = {isa = PBXFileReference; includeInIndex = 1; lastKnownFileType = text.xcconfig; name = "Pods-GZBankProjectTests.release.xcconfig"; path = "Pods/Target Support Files/Pods-GZBankProjectTests/Pods-GZBankProjectTests.release.xcconfig"; sourceTree = "<group>"; };
		8D6633CC8CE74BD618C228FC /* libPods-GZBankProject.a */ = {isa = PBXFileReference; explicitFileType = archive.ar; includeInIndex = 0; path = "libPods-GZBankProject.a"; sourceTree = BUILT_PRODUCTS_DIR; };
		8FDE4D8D896D54E8F8E0D2F2 /* libPods-GZBankProjectTests.a */ = {isa = PBXFileReference; explicitFileType = archive.ar; includeInIndex = 0; path = "libPods-GZBankProjectTests.a"; sourceTree = BUILT_PRODUCTS_DIR; };
		BFEE62E984B634E5600B2577 /* Pods-GZBankProjectUITests.release.xcconfig */ = {isa = PBXFileReference; includeInIndex = 1; lastKnownFileType = text.xcconfig; name = "Pods-GZBankProjectUITests.release.xcconfig"; path = "Pods/Target Support Files/Pods-GZBankProjectUITests/Pods-GZBankProjectUITests.release.xcconfig"; sourceTree = "<group>"; };
/* End PBXFileReference section */

/* Begin PBXFrameworksBuildPhase section */
		00E4046E1F1B3BC800B23E43 /* Frameworks */ = {
			isa = PBXFrameworksBuildPhase;
			buildActionMask = 2147483647;
			files = (
				000A9D781F24DF6600739FCC /* JavaScriptCore.framework in Frameworks */,
				00E404B11F1B435A00B23E43 /* WebKit.framework in Frameworks */,
				2E247A8A07AABF3CCF392719 /* libPods-GZBankProject.a in Frameworks */,
			);
			runOnlyForDeploymentPostprocessing = 0;
		};
		00E404871F1B3BC800B23E43 /* Frameworks */ = {
			isa = PBXFrameworksBuildPhase;
			buildActionMask = 2147483647;
			files = (
				EBB6979D7C8434D457C7DCB0 /* libPods-GZBankProjectTests.a in Frameworks */,
			);
			runOnlyForDeploymentPostprocessing = 0;
		};
		00E404921F1B3BC800B23E43 /* Frameworks */ = {
			isa = PBXFrameworksBuildPhase;
			buildActionMask = 2147483647;
			files = (
				F8D15069E2A5271659011EC8 /* libPods-GZBankProjectUITests.a in Frameworks */,
			);
			runOnlyForDeploymentPostprocessing = 0;
		};
/* End PBXFrameworksBuildPhase section */

/* Begin PBXGroup section */
		00E404681F1B3BC800B23E43 = {
			isa = PBXGroup;
			children = (
				00E404731F1B3BC800B23E43 /* GZBankProject */,
				00E4048D1F1B3BC800B23E43 /* GZBankProjectTests */,
				00E404981F1B3BC800B23E43 /* GZBankProjectUITests */,
				00E404721F1B3BC800B23E43 /* Products */,
				00E404AF1F1B435A00B23E43 /* Frameworks */,
				76108595A5E3C6596340A895 /* Pods */,
			);
			sourceTree = "<group>";
		};
		00E404721F1B3BC800B23E43 /* Products */ = {
			isa = PBXGroup;
			children = (
				00E404711F1B3BC800B23E43 /* GZBankProject.app */,
				00E4048A1F1B3BC800B23E43 /* GZBankProjectTests.xctest */,
				00E404951F1B3BC800B23E43 /* GZBankProjectUITests.xctest */,
			);
			name = Products;
			sourceTree = "<group>";
		};
		00E404731F1B3BC800B23E43 /* GZBankProject */ = {
			isa = PBXGroup;
			children = (
				00F6284B1F230BE400487AA5 /* Auth */,
				00F6282B1F230ADB00487AA5 /* Utility */,
				00E404AB1F1B417B00B23E43 /* WebApp */,
				00E404A71F1B3BF400B23E43 /* Main */,
				00E404771F1B3BC800B23E43 /* AppDelegate.h */,
				00E404781F1B3BC800B23E43 /* AppDelegate.m */,
				00E404801F1B3BC800B23E43 /* Assets.xcassets */,
				00E404821F1B3BC800B23E43 /* LaunchScreen.storyboard */,
				00E404741F1B3BC800B23E43 /* Supporting Files */,
			);
			path = GZBankProject;
			sourceTree = "<group>";
		};
		00E404741F1B3BC800B23E43 /* Supporting Files */ = {
			isa = PBXGroup;
			children = (
				00E404851F1B3BC800B23E43 /* Info.plist */,
				00E404751F1B3BC800B23E43 /* main.m */,
			);
			name = "Supporting Files";
			sourceTree = "<group>";
		};
		00E4048D1F1B3BC800B23E43 /* GZBankProjectTests */ = {
			isa = PBXGroup;
			children = (
				00E4048E1F1B3BC800B23E43 /* GZBankProjectTests.m */,
				00E404901F1B3BC800B23E43 /* Info.plist */,
			);
			path = GZBankProjectTests;
			sourceTree = "<group>";
		};
		00E404981F1B3BC800B23E43 /* GZBankProjectUITests */ = {
			isa = PBXGroup;
			children = (
				00E404991F1B3BC800B23E43 /* GZBankProjectUITests.m */,
				00E4049B1F1B3BC800B23E43 /* Info.plist */,
			);
			path = GZBankProjectUITests;
			sourceTree = "<group>";
		};
		00E404A71F1B3BF400B23E43 /* Main */ = {
			isa = PBXGroup;
			children = (
				00E404A81F1B3C2200B23E43 /* MainViewController.h */,
				00E404A91F1B3C2200B23E43 /* MainViewController.m */,
				00E404B51F1B493400B23E43 /* SplashView.h */,
				00E404B61F1B493400B23E43 /* SplashView.m */,
			);
			path = Main;
			sourceTree = "<group>";
		};
		00E404AB1F1B417B00B23E43 /* WebApp */ = {
			isa = PBXGroup;
			children = (
				000A9D791F24EBDC00739FCC /* index.html */,
				00E404AC1F1B419000B23E43 /* WebAppAddressCenter.h */,
				00E404AD1F1B419000B23E43 /* WebAppAddressCenter.m */,
				00E404B21F1B441D00B23E43 /* WebAppViewController.h */,
				00E404B31F1B441D00B23E43 /* WebAppViewController.m */,
				003A1ED71F24D9CD00F47F5E /* WebAppUserContentController.h */,
				003A1ED81F24D9CD00F47F5E /* WebAppUserContentController.m */,
				003A1ED41F24D8DB00F47F5E /* WebAppScriptMessageHandler.h */,
				003A1ED51F24D8DB00F47F5E /* WebAppScriptMessageHandler.m */,
			);
			path = WebApp;
			sourceTree = "<group>";
		};
		00E404AF1F1B435A00B23E43 /* Frameworks */ = {
			isa = PBXGroup;
			children = (
				000A9D771F24DF6600739FCC /* JavaScriptCore.framework */,
				00E404B01F1B435A00B23E43 /* WebKit.framework */,
				8D6633CC8CE74BD618C228FC /* libPods-GZBankProject.a */,
				8FDE4D8D896D54E8F8E0D2F2 /* libPods-GZBankProjectTests.a */,
				49D224C8882FCC8D80663B37 /* libPods-GZBankProjectUITests.a */,
			);
			name = Frameworks;
			sourceTree = "<group>";
		};
		00F6282B1F230ADB00487AA5 /* Utility */ = {
			isa = PBXGroup;
			children = (
				00F628301F230B2D00487AA5 /* HTTPClient */,
				00F628331F230B2D00487AA5 /* NSString+Hashes */,
				00F628361F230B2D00487AA5 /* ObjectSafe */,
			);
			path = Utility;
			sourceTree = "<group>";
		};
		00F628301F230B2D00487AA5 /* HTTPClient */ = {
			isa = PBXGroup;
			children = (
				00F628311F230B2D00487AA5 /* HTTPClient.h */,
				00F628321F230B2D00487AA5 /* HTTPClient.m */,
			);
			path = HTTPClient;
			sourceTree = "<group>";
		};
		00F628331F230B2D00487AA5 /* NSString+Hashes */ = {
			isa = PBXGroup;
			children = (
				00F628341F230B2D00487AA5 /* NSString+Hashes.h */,
				00F628351F230B2D00487AA5 /* NSString+Hashes.m */,
			);
			path = "NSString+Hashes";
			sourceTree = "<group>";
		};
		00F628361F230B2D00487AA5 /* ObjectSafe */ = {
			isa = PBXGroup;
			children = (
				00F628371F230B2D00487AA5 /* NSArray+Safe.h */,
				00F628381F230B2D00487AA5 /* NSArray+Safe.m */,
				00F628391F230B2D00487AA5 /* NSDictionary+Safe.h */,
				00F6283A1F230B2D00487AA5 /* NSDictionary+Safe.m */,
				00F6283B1F230B2D00487AA5 /* NSMutableArray+Safe.h */,
				00F6283C1F230B2D00487AA5 /* NSMutableArray+Safe.m */,
				00F6283D1F230B2D00487AA5 /* NSMutableDictionary+Safe.h */,
				00F6283E1F230B2D00487AA5 /* NSMutableDictionary+Safe.m */,
				00F6283F1F230B2D00487AA5 /* NSString+SafeSubstring.h */,
				00F628401F230B2D00487AA5 /* NSString+SafeSubstring.m */,
				00F628411F230B2D00487AA5 /* SafeMutableDictionary.h */,
				00F628421F230B2D00487AA5 /* SafeMutableDictionary.m */,
			);
			path = ObjectSafe;
			sourceTree = "<group>";
		};
		00F6284B1F230BE400487AA5 /* Auth */ = {
			isa = PBXGroup;
			children = (
				00F6284C1F230BF400487AA5 /* AuthManager.h */,
				00F6284D1F230BF400487AA5 /* AuthManager.m */,
			);
			path = Auth;
			sourceTree = "<group>";
		};
		76108595A5E3C6596340A895 /* Pods */ = {
			isa = PBXGroup;
			children = (
				2A1FAEDCEB0CD773335E95BC /* Pods-GZBankProject.debug.xcconfig */,
				333BC029982B2E07E1811058 /* Pods-GZBankProject.release.xcconfig */,
				3599E716357F01A0F5785E9D /* Pods-GZBankProjectTests.debug.xcconfig */,
				6CA4AA1F65577DC9545545E2 /* Pods-GZBankProjectTests.release.xcconfig */,
				0DE44D32D8A754DE8AA9034A /* Pods-GZBankProjectUITests.debug.xcconfig */,
				BFEE62E984B634E5600B2577 /* Pods-GZBankProjectUITests.release.xcconfig */,
			);
			name = Pods;
			sourceTree = "<group>";
		};
/* End PBXGroup section */

/* Begin PBXNativeTarget section */
		00E404701F1B3BC800B23E43 /* GZBankProject */ = {
			isa = PBXNativeTarget;
			buildConfigurationList = 00E4049E1F1B3BC800B23E43 /* Build configuration list for PBXNativeTarget "GZBankProject" */;
			buildPhases = (
				CD07AF088FCB0E42088BACE8 /* [CP] Check Pods Manifest.lock */,
				00E4046D1F1B3BC800B23E43 /* Sources */,
				00E4046E1F1B3BC800B23E43 /* Frameworks */,
				00E4046F1F1B3BC800B23E43 /* Resources */,
				FA0A5565D257D3EF0651091D /* [CP] Embed Pods Frameworks */,
				36A22A20B586D267C57CF72B /* [CP] Copy Pods Resources */,
			);
			buildRules = (
			);
			dependencies = (
			);
			name = GZBankProject;
			productName = GZBankProject;
			productReference = 00E404711F1B3BC800B23E43 /* GZBankProject.app */;
			productType = "com.apple.product-type.application";
		};
		00E404891F1B3BC800B23E43 /* GZBankProjectTests */ = {
			isa = PBXNativeTarget;
			buildConfigurationList = 00E404A11F1B3BC800B23E43 /* Build configuration list for PBXNativeTarget "GZBankProjectTests" */;
			buildPhases = (
				D719DB85BE2C0F4F11905F70 /* [CP] Check Pods Manifest.lock */,
				00E404861F1B3BC800B23E43 /* Sources */,
				00E404871F1B3BC800B23E43 /* Frameworks */,
				00E404881F1B3BC800B23E43 /* Resources */,
				269882784ED9C28CD16038A7 /* [CP] Embed Pods Frameworks */,
				3BA922126C49772AAF77E70A /* [CP] Copy Pods Resources */,
			);
			buildRules = (
			);
			dependencies = (
				00E4048C1F1B3BC800B23E43 /* PBXTargetDependency */,
			);
			name = GZBankProjectTests;
			productName = GZBankProjectTests;
			productReference = 00E4048A1F1B3BC800B23E43 /* GZBankProjectTests.xctest */;
			productType = "com.apple.product-type.bundle.unit-test";
		};
		00E404941F1B3BC800B23E43 /* GZBankProjectUITests */ = {
			isa = PBXNativeTarget;
			buildConfigurationList = 00E404A41F1B3BC800B23E43 /* Build configuration list for PBXNativeTarget "GZBankProjectUITests" */;
			buildPhases = (
				2791B62C092FAE3BDD0E9DE6 /* [CP] Check Pods Manifest.lock */,
				00E404911F1B3BC800B23E43 /* Sources */,
				00E404921F1B3BC800B23E43 /* Frameworks */,
				00E404931F1B3BC800B23E43 /* Resources */,
				D311F7C5BBC5E9868A4B6F06 /* [CP] Embed Pods Frameworks */,
				39210A71C497B01E3D92B84A /* [CP] Copy Pods Resources */,
			);
			buildRules = (
			);
			dependencies = (
				00E404971F1B3BC800B23E43 /* PBXTargetDependency */,
			);
			name = GZBankProjectUITests;
			productName = GZBankProjectUITests;
			productReference = 00E404951F1B3BC800B23E43 /* GZBankProjectUITests.xctest */;
			productType = "com.apple.product-type.bundle.ui-testing";
		};
/* End PBXNativeTarget section */

/* Begin PBXProject section */
		00E404691F1B3BC800B23E43 /* Project object */ = {
			isa = PBXProject;
			attributes = {
				LastUpgradeCheck = 0830;
				ORGANIZATIONNAME = wuting;
				TargetAttributes = {
					00E404701F1B3BC800B23E43 = {
						CreatedOnToolsVersion = 8.3.3;
						DevelopmentTeam = SU68JCMCA6;
						ProvisioningStyle = Automatic;
					};
					00E404891F1B3BC800B23E43 = {
						CreatedOnToolsVersion = 8.3.3;
						ProvisioningStyle = Automatic;
						TestTargetID = 00E404701F1B3BC800B23E43;
					};
					00E404941F1B3BC800B23E43 = {
						CreatedOnToolsVersion = 8.3.3;
						ProvisioningStyle = Automatic;
						TestTargetID = 00E404701F1B3BC800B23E43;
					};
				};
			};
			buildConfigurationList = 00E4046C1F1B3BC800B23E43 /* Build configuration list for PBXProject "GZBankProject" */;
			compatibilityVersion = "Xcode 3.2";
			developmentRegion = English;
			hasScannedForEncodings = 0;
			knownRegions = (
				en,
				Base,
			);
			mainGroup = 00E404681F1B3BC800B23E43;
			productRefGroup = 00E404721F1B3BC800B23E43 /* Products */;
			projectDirPath = "";
			projectRoot = "";
			targets = (
				00E404701F1B3BC800B23E43 /* GZBankProject */,
				00E404891F1B3BC800B23E43 /* GZBankProjectTests */,
				00E404941F1B3BC800B23E43 /* GZBankProjectUITests */,
			);
		};
/* End PBXProject section */

/* Begin PBXResourcesBuildPhase section */
		00E4046F1F1B3BC800B23E43 /* Resources */ = {
			isa = PBXResourcesBuildPhase;
			buildActionMask = 2147483647;
			files = (
				000A9D7A1F24EBDC00739FCC /* index.html in Resources */,
				00E404841F1B3BC800B23E43 /* LaunchScreen.storyboard in Resources */,
				00E404811F1B3BC800B23E43 /* Assets.xcassets in Resources */,
			);
			runOnlyForDeploymentPostprocessing = 0;
		};
		00E404881F1B3BC800B23E43 /* Resources */ = {
			isa = PBXResourcesBuildPhase;
			buildActionMask = 2147483647;
			files = (
			);
			runOnlyForDeploymentPostprocessing = 0;
		};
		00E404931F1B3BC800B23E43 /* Resources */ = {
			isa = PBXResourcesBuildPhase;
			buildActionMask = 2147483647;
			files = (
			);
			runOnlyForDeploymentPostprocessing = 0;
		};
/* End PBXResourcesBuildPhase section */

/* Begin PBXShellScriptBuildPhase section */
		269882784ED9C28CD16038A7 /* [CP] Embed Pods Frameworks */ = {
			isa = PBXShellScriptBuildPhase;
			buildActionMask = 2147483647;
			files = (
			);
			inputPaths = (
			);
			name = "[CP] Embed Pods Frameworks";
			outputPaths = (
			);
			runOnlyForDeploymentPostprocessing = 0;
			shellPath = /bin/sh;
			shellScript = "\"${SRCROOT}/Pods/Target Support Files/Pods-GZBankProjectTests/Pods-GZBankProjectTests-frameworks.sh\"\n";
			showEnvVarsInLog = 0;
		};
		2791B62C092FAE3BDD0E9DE6 /* [CP] Check Pods Manifest.lock */ = {
			isa = PBXShellScriptBuildPhase;
			buildActionMask = 2147483647;
			files = (
			);
			inputPaths = (
			);
			name = "[CP] Check Pods Manifest.lock";
			outputPaths = (
			);
			runOnlyForDeploymentPostprocessing = 0;
			shellPath = /bin/sh;
			shellScript = "diff \"${PODS_ROOT}/../Podfile.lock\" \"${PODS_ROOT}/Manifest.lock\" > /dev/null\nif [ $? != 0 ] ; then\n    # print error to STDERR\n    echo \"error: The sandbox is not in sync with the Podfile.lock. Run 'pod install' or update your CocoaPods installation.\" >&2\n    exit 1\nfi\n";
			showEnvVarsInLog = 0;
		};
		36A22A20B586D267C57CF72B /* [CP] Copy Pods Resources */ = {
			isa = PBXShellScriptBuildPhase;
			buildActionMask = 2147483647;
			files = (
			);
			inputPaths = (
			);
			name = "[CP] Copy Pods Resources";
			outputPaths = (
			);
			runOnlyForDeploymentPostprocessing = 0;
			shellPath = /bin/sh;
			shellScript = "\"${SRCROOT}/Pods/Target Support Files/Pods-GZBankProject/Pods-GZBankProject-resources.sh\"\n";
			showEnvVarsInLog = 0;
		};
		39210A71C497B01E3D92B84A /* [CP] Copy Pods Resources */ = {
			isa = PBXShellScriptBuildPhase;
			buildActionMask = 2147483647;
			files = (
			);
			inputPaths = (
			);
			name = "[CP] Copy Pods Resources";
			outputPaths = (
			);
			runOnlyForDeploymentPostprocessing = 0;
			shellPath = /bin/sh;
			shellScript = "\"${SRCROOT}/Pods/Target Support Files/Pods-GZBankProjectUITests/Pods-GZBankProjectUITests-resources.sh\"\n";
			showEnvVarsInLog = 0;
		};
		3BA922126C49772AAF77E70A /* [CP] Copy Pods Resources */ = {
			isa = PBXShellScriptBuildPhase;
			buildActionMask = 2147483647;
			files = (
			);
			inputPaths = (
			);
			name = "[CP] Copy Pods Resources";
			outputPaths = (
			);
			runOnlyForDeploymentPostprocessing = 0;
			shellPath = /bin/sh;
			shellScript = "\"${SRCROOT}/Pods/Target Support Files/Pods-GZBankProjectTests/Pods-GZBankProjectTests-resources.sh\"\n";
			showEnvVarsInLog = 0;
		};
		CD07AF088FCB0E42088BACE8 /* [CP] Check Pods Manifest.lock */ = {
			isa = PBXShellScriptBuildPhase;
			buildActionMask = 2147483647;
			files = (
			);
			inputPaths = (
			);
			name = "[CP] Check Pods Manifest.lock";
			outputPaths = (
			);
			runOnlyForDeploymentPostprocessing = 0;
			shellPath = /bin/sh;
			shellScript = "diff \"${PODS_ROOT}/../Podfile.lock\" \"${PODS_ROOT}/Manifest.lock\" > /dev/null\nif [ $? != 0 ] ; then\n    # print error to STDERR\n    echo \"error: The sandbox is not in sync with the Podfile.lock. Run 'pod install' or update your CocoaPods installation.\" >&2\n    exit 1\nfi\n";
			showEnvVarsInLog = 0;
		};
		D311F7C5BBC5E9868A4B6F06 /* [CP] Embed Pods Frameworks */ = {
			isa = PBXShellScriptBuildPhase;
			buildActionMask = 2147483647;
			files = (
			);
			inputPaths = (
			);
			name = "[CP] Embed Pods Frameworks";
			outputPaths = (
			);
			runOnlyForDeploymentPostprocessing = 0;
			shellPath = /bin/sh;
			shellScript = "\"${SRCROOT}/Pods/Target Support Files/Pods-GZBankProjectUITests/Pods-GZBankProjectUITests-frameworks.sh\"\n";
			showEnvVarsInLog = 0;
		};
		D719DB85BE2C0F4F11905F70 /* [CP] Check Pods Manifest.lock */ = {
			isa = PBXShellScriptBuildPhase;
			buildActionMask = 2147483647;
			files = (
			);
			inputPaths = (
			);
			name = "[CP] Check Pods Manifest.lock";
			outputPaths = (
			);
			runOnlyForDeploymentPostprocessing = 0;
			shellPath = /bin/sh;
			shellScript = "diff \"${PODS_ROOT}/../Podfile.lock\" \"${PODS_ROOT}/Manifest.lock\" > /dev/null\nif [ $? != 0 ] ; then\n    # print error to STDERR\n    echo \"error: The sandbox is not in sync with the Podfile.lock. Run 'pod install' or update your CocoaPods installation.\" >&2\n    exit 1\nfi\n";
			showEnvVarsInLog = 0;
		};
		FA0A5565D257D3EF0651091D /* [CP] Embed Pods Frameworks */ = {
			isa = PBXShellScriptBuildPhase;
			buildActionMask = 2147483647;
			files = (
			);
			inputPaths = (
			);
			name = "[CP] Embed Pods Frameworks";
			outputPaths = (
			);
			runOnlyForDeploymentPostprocessing = 0;
			shellPath = /bin/sh;
			shellScript = "\"${SRCROOT}/Pods/Target Support Files/Pods-GZBankProject/Pods-GZBankProject-frameworks.sh\"\n";
			showEnvVarsInLog = 0;
		};
/* End PBXShellScriptBuildPhase section */

/* Begin PBXSourcesBuildPhase section */
		00E4046D1F1B3BC800B23E43 /* Sources */ = {
			isa = PBXSourcesBuildPhase;
			buildActionMask = 2147483647;
			files = (
				00E404791F1B3BC800B23E43 /* AppDelegate.m in Sources */,
				003A1ED61F24D8DB00F47F5E /* WebAppScriptMessageHandler.m in Sources */,
				00F6284E1F230BF400487AA5 /* AuthManager.m in Sources */,
				00F628451F230B2D00487AA5 /* NSArray+Safe.m in Sources */,
				00F6284A1F230B2D00487AA5 /* SafeMutableDictionary.m in Sources */,
				00F628491F230B2D00487AA5 /* NSString+SafeSubstring.m in Sources */,
				00E404B71F1B493400B23E43 /* SplashView.m in Sources */,
				00E404B41F1B441D00B23E43 /* WebAppViewController.m in Sources */,
				00E404AA1F1B3C2200B23E43 /* MainViewController.m in Sources */,
				00F628441F230B2D00487AA5 /* NSString+Hashes.m in Sources */,
				00F628461F230B2D00487AA5 /* NSDictionary+Safe.m in Sources */,
				00F628471F230B2D00487AA5 /* NSMutableArray+Safe.m in Sources */,
				003A1ED91F24D9CD00F47F5E /* WebAppUserContentController.m in Sources */,
				00E404AE1F1B419000B23E43 /* WebAppAddressCenter.m in Sources */,
				00F628431F230B2D00487AA5 /* HTTPClient.m in Sources */,
				00E404761F1B3BC800B23E43 /* main.m in Sources */,
				00F628481F230B2D00487AA5 /* NSMutableDictionary+Safe.m in Sources */,
			);
			runOnlyForDeploymentPostprocessing = 0;
		};
		00E404861F1B3BC800B23E43 /* Sources */ = {
			isa = PBXSourcesBuildPhase;
			buildActionMask = 2147483647;
			files = (
				00E4048F1F1B3BC800B23E43 /* GZBankProjectTests.m in Sources */,
			);
			runOnlyForDeploymentPostprocessing = 0;
		};
		00E404911F1B3BC800B23E43 /* Sources */ = {
			isa = PBXSourcesBuildPhase;
			buildActionMask = 2147483647;
			files = (
				00E4049A1F1B3BC800B23E43 /* GZBankProjectUITests.m in Sources */,
			);
			runOnlyForDeploymentPostprocessing = 0;
		};
/* End PBXSourcesBuildPhase section */

/* Begin PBXTargetDependency section */
		00E4048C1F1B3BC800B23E43 /* PBXTargetDependency */ = {
			isa = PBXTargetDependency;
			target = 00E404701F1B3BC800B23E43 /* GZBankProject */;
			targetProxy = 00E4048B1F1B3BC800B23E43 /* PBXContainerItemProxy */;
		};
		00E404971F1B3BC800B23E43 /* PBXTargetDependency */ = {
			isa = PBXTargetDependency;
			target = 00E404701F1B3BC800B23E43 /* GZBankProject */;
			targetProxy = 00E404961F1B3BC800B23E43 /* PBXContainerItemProxy */;
		};
/* End PBXTargetDependency section */

/* Begin PBXVariantGroup section */
		00E404821F1B3BC800B23E43 /* LaunchScreen.storyboard */ = {
			isa = PBXVariantGroup;
			children = (
				00E404831F1B3BC800B23E43 /* Base */,
			);
			name = LaunchScreen.storyboard;
			sourceTree = "<group>";
		};
/* End PBXVariantGroup section */

/* Begin XCBuildConfiguration section */
		00E4049C1F1B3BC800B23E43 /* Debug */ = {
			isa = XCBuildConfiguration;
			buildSettings = {
				ALWAYS_SEARCH_USER_PATHS = NO;
				CLANG_ANALYZER_NONNULL = YES;
				CLANG_ANALYZER_NUMBER_OBJECT_CONVERSION = YES_AGGRESSIVE;
				CLANG_CXX_LANGUAGE_STANDARD = "gnu++0x";
				CLANG_CXX_LIBRARY = "libc++";
				CLANG_ENABLE_MODULES = YES;
				CLANG_ENABLE_OBJC_ARC = YES;
				CLANG_WARN_BOOL_CONVERSION = YES;
				CLANG_WARN_CONSTANT_CONVERSION = YES;
				CLANG_WARN_DIRECT_OBJC_ISA_USAGE = YES_ERROR;
				CLANG_WARN_DOCUMENTATION_COMMENTS = YES;
				CLANG_WARN_EMPTY_BODY = YES;
				CLANG_WARN_ENUM_CONVERSION = YES;
				CLANG_WARN_INFINITE_RECURSION = YES;
				CLANG_WARN_INT_CONVERSION = YES;
				CLANG_WARN_OBJC_ROOT_CLASS = YES_ERROR;
				CLANG_WARN_SUSPICIOUS_MOVE = YES;
				CLANG_WARN_UNREACHABLE_CODE = YES;
				CLANG_WARN__DUPLICATE_METHOD_MATCH = YES;
				"CODE_SIGN_IDENTITY[sdk=iphoneos*]" = "iPhone Developer";
				COPY_PHASE_STRIP = NO;
				DEBUG_INFORMATION_FORMAT = dwarf;
				ENABLE_STRICT_OBJC_MSGSEND = YES;
				ENABLE_TESTABILITY = YES;
				GCC_C_LANGUAGE_STANDARD = gnu99;
				GCC_DYNAMIC_NO_PIC = NO;
				GCC_NO_COMMON_BLOCKS = YES;
				GCC_OPTIMIZATION_LEVEL = 0;
				GCC_PREPROCESSOR_DEFINITIONS = (
					"DEBUG=1",
					"$(inherited)",
				);
				GCC_WARN_64_TO_32_BIT_CONVERSION = YES;
				GCC_WARN_ABOUT_RETURN_TYPE = YES_ERROR;
				GCC_WARN_UNDECLARED_SELECTOR = YES;
				GCC_WARN_UNINITIALIZED_AUTOS = YES_AGGRESSIVE;
				GCC_WARN_UNUSED_FUNCTION = YES;
				GCC_WARN_UNUSED_VARIABLE = YES;
				IPHONEOS_DEPLOYMENT_TARGET = 10.3;
				MTL_ENABLE_DEBUG_INFO = YES;
				ONLY_ACTIVE_ARCH = YES;
				SDKROOT = iphoneos;
				TARGETED_DEVICE_FAMILY = "1,2";
			};
			name = Debug;
		};
		00E4049D1F1B3BC800B23E43 /* Release */ = {
			isa = XCBuildConfiguration;
			buildSettings = {
				ALWAYS_SEARCH_USER_PATHS = NO;
				CLANG_ANALYZER_NONNULL = YES;
				CLANG_ANALYZER_NUMBER_OBJECT_CONVERSION = YES_AGGRESSIVE;
				CLANG_CXX_LANGUAGE_STANDARD = "gnu++0x";
				CLANG_CXX_LIBRARY = "libc++";
				CLANG_ENABLE_MODULES = YES;
				CLANG_ENABLE_OBJC_ARC = YES;
				CLANG_WARN_BOOL_CONVERSION = YES;
				CLANG_WARN_CONSTANT_CONVERSION = YES;
				CLANG_WARN_DIRECT_OBJC_ISA_USAGE = YES_ERROR;
				CLANG_WARN_DOCUMENTATION_COMMENTS = YES;
				CLANG_WARN_EMPTY_BODY = YES;
				CLANG_WARN_ENUM_CONVERSION = YES;
				CLANG_WARN_INFINITE_RECURSION = YES;
				CLANG_WARN_INT_CONVERSION = YES;
				CLANG_WARN_OBJC_ROOT_CLASS = YES_ERROR;
				CLANG_WARN_SUSPICIOUS_MOVE = YES;
				CLANG_WARN_UNREACHABLE_CODE = YES;
				CLANG_WARN__DUPLICATE_METHOD_MATCH = YES;
				"CODE_SIGN_IDENTITY[sdk=iphoneos*]" = "iPhone Developer";
				COPY_PHASE_STRIP = NO;
				DEBUG_INFORMATION_FORMAT = "dwarf-with-dsym";
				ENABLE_NS_ASSERTIONS = NO;
				ENABLE_STRICT_OBJC_MSGSEND = YES;
				GCC_C_LANGUAGE_STANDARD = gnu99;
				GCC_NO_COMMON_BLOCKS = YES;
				GCC_WARN_64_TO_32_BIT_CONVERSION = YES;
				GCC_WARN_ABOUT_RETURN_TYPE = YES_ERROR;
				GCC_WARN_UNDECLARED_SELECTOR = YES;
				GCC_WARN_UNINITIALIZED_AUTOS = YES_AGGRESSIVE;
				GCC_WARN_UNUSED_FUNCTION = YES;
				GCC_WARN_UNUSED_VARIABLE = YES;
				IPHONEOS_DEPLOYMENT_TARGET = 10.3;
				MTL_ENABLE_DEBUG_INFO = NO;
				SDKROOT = iphoneos;
				TARGETED_DEVICE_FAMILY = "1,2";
				VALIDATE_PRODUCT = YES;
			};
			name = Release;
		};
		00E4049F1F1B3BC800B23E43 /* Debug */ = {
			isa = XCBuildConfiguration;
			baseConfigurationReference = 2A1FAEDCEB0CD773335E95BC /* Pods-GZBankProject.debug.xcconfig */;
			buildSettings = {
				ASSETCATALOG_COMPILER_APPICON_NAME = AppIcon;
				"CODE_SIGN_IDENTITY[sdk=iphoneos*]" = "iPhone Developer";
				DEVELOPMENT_TEAM = SU68JCMCA6;
				INFOPLIST_FILE = GZBankProject/Info.plist;
				LD_RUNPATH_SEARCH_PATHS = "$(inherited) @executable_path/Frameworks";
				PRODUCT_BUNDLE_IDENTIFIER = ting.wu.GZBankProject;
				PRODUCT_NAME = "$(TARGET_NAME)";
				PROVISIONING_PROFILE_SPECIFIER = "";
			};
			name = Debug;
		};
		00E404A01F1B3BC800B23E43 /* Release */ = {
			isa = XCBuildConfiguration;
			baseConfigurationReference = 333BC029982B2E07E1811058 /* Pods-GZBankProject.release.xcconfig */;
			buildSettings = {
				ASSETCATALOG_COMPILER_APPICON_NAME = AppIcon;
				"CODE_SIGN_IDENTITY[sdk=iphoneos*]" = "iPhone Developer";
				DEVELOPMENT_TEAM = SU68JCMCA6;
				INFOPLIST_FILE = GZBankProject/Info.plist;
				LD_RUNPATH_SEARCH_PATHS = "$(inherited) @executable_path/Frameworks";
				PRODUCT_BUNDLE_IDENTIFIER = ting.wu.GZBankProject;
				PRODUCT_NAME = "$(TARGET_NAME)";
				PROVISIONING_PROFILE_SPECIFIER = "";
			};
			name = Release;
		};
		00E404A21F1B3BC800B23E43 /* Debug */ = {
			isa = XCBuildConfiguration;
			baseConfigurationReference = 3599E716357F01A0F5785E9D /* Pods-GZBankProjectTests.debug.xcconfig */;
			buildSettings = {
				BUNDLE_LOADER = "$(TEST_HOST)";
				INFOPLIST_FILE = GZBankProjectTests/Info.plist;
				LD_RUNPATH_SEARCH_PATHS = "$(inherited) @executable_path/Frameworks @loader_path/Frameworks";
				PRODUCT_BUNDLE_IDENTIFIER = ting.wu.GZBankProjectTests;
				PRODUCT_NAME = "$(TARGET_NAME)";
				TEST_HOST = "$(BUILT_PRODUCTS_DIR)/GZBankProject.app/GZBankProject";
			};
			name = Debug;
		};
		00E404A31F1B3BC800B23E43 /* Release */ = {
			isa = XCBuildConfiguration;
			baseConfigurationReference = 6CA4AA1F65577DC9545545E2 /* Pods-GZBankProjectTests.release.xcconfig */;
			buildSettings = {
				BUNDLE_LOADER = "$(TEST_HOST)";
				INFOPLIST_FILE = GZBankProjectTests/Info.plist;
				LD_RUNPATH_SEARCH_PATHS = "$(inherited) @executable_path/Frameworks @loader_path/Frameworks";
				PRODUCT_BUNDLE_IDENTIFIER = ting.wu.GZBankProjectTests;
				PRODUCT_NAME = "$(TARGET_NAME)";
				TEST_HOST = "$(BUILT_PRODUCTS_DIR)/GZBankProject.app/GZBankProject";
			};
			name = Release;
		};
		00E404A51F1B3BC800B23E43 /* Debug */ = {
			isa = XCBuildConfiguration;
			baseConfigurationReference = 0DE44D32D8A754DE8AA9034A /* Pods-GZBankProjectUITests.debug.xcconfig */;
			buildSettings = {
				INFOPLIST_FILE = GZBankProjectUITests/Info.plist;
				LD_RUNPATH_SEARCH_PATHS = "$(inherited) @executable_path/Frameworks @loader_path/Frameworks";
				PRODUCT_BUNDLE_IDENTIFIER = ting.wu.GZBankProjectUITests;
				PRODUCT_NAME = "$(TARGET_NAME)";
				TEST_TARGET_NAME = GZBankProject;
			};
			name = Debug;
		};
		00E404A61F1B3BC800B23E43 /* Release */ = {
			isa = XCBuildConfiguration;
			baseConfigurationReference = BFEE62E984B634E5600B2577 /* Pods-GZBankProjectUITests.release.xcconfig */;
			buildSettings = {
				INFOPLIST_FILE = GZBankProjectUITests/Info.plist;
				LD_RUNPATH_SEARCH_PATHS = "$(inherited) @executable_path/Frameworks @loader_path/Frameworks";
				PRODUCT_BUNDLE_IDENTIFIER = ting.wu.GZBankProjectUITests;
				PRODUCT_NAME = "$(TARGET_NAME)";
				TEST_TARGET_NAME = GZBankProject;
			};
			name = Release;
		};
/* End XCBuildConfiguration section */

/* Begin XCConfigurationList section */
		00E4046C1F1B3BC800B23E43 /* Build configuration list for PBXProject "GZBankProject" */ = {
			isa = XCConfigurationList;
			buildConfigurations = (
				00E4049C1F1B3BC800B23E43 /* Debug */,
				00E4049D1F1B3BC800B23E43 /* Release */,
			);
			defaultConfigurationIsVisible = 0;
			defaultConfigurationName = Release;
		};
		00E4049E1F1B3BC800B23E43 /* Build configuration list for PBXNativeTarget "GZBankProject" */ = {
			isa = XCConfigurationList;
			buildConfigurations = (
				00E4049F1F1B3BC800B23E43 /* Debug */,
				00E404A01F1B3BC800B23E43 /* Release */,
			);
			defaultConfigurationIsVisible = 0;
			defaultConfigurationName = Release;
		};
		00E404A11F1B3BC800B23E43 /* Build configuration list for PBXNativeTarget "GZBankProjectTests" */ = {
			isa = XCConfigurationList;
			buildConfigurations = (
				00E404A21F1B3BC800B23E43 /* Debug */,
				00E404A31F1B3BC800B23E43 /* Release */,
			);
			defaultConfigurationIsVisible = 0;
			defaultConfigurationName = Release;
		};
		00E404A41F1B3BC800B23E43 /* Build configuration list for PBXNativeTarget "GZBankProjectUITests" */ = {
			isa = XCConfigurationList;
			buildConfigurations = (
				00E404A51F1B3BC800B23E43 /* Debug */,
				00E404A61F1B3BC800B23E43 /* Release */,
			);
			defaultConfigurationIsVisible = 0;
			defaultConfigurationName = Release;
		};
/* End XCConfigurationList section */
	};
	rootObject = 00E404691F1B3BC800B23E43 /* Project object */;
}
